<?xml version="1.0" encoding="utf-8"?>
<Project ToolsVersion="4.0" xmlns="http://schemas.microsoft.com/developer/msbuild/2003">
  <ItemGroup>
    <ClCompile Include="servers\displayServer.cpp">
      <Filter>servers</Filter>
    </ClCompile>
    <ClCompile Include="platform\windows\displayServerWindows.cpp">
      <Filter>platform\windows</Filter>
    </ClCompile>
    <ClCompile Include="main\main.cpp">
      <Filter>main</Filter>
    </ClCompile>
    <ClCompile Include="core\os\mainLoop.cpp">
      <Filter>core\os</Filter>
    </ClCompile>
    <ClCompile Include="core\os\os.cpp">
      <Filter>core\os</Filter>
    </ClCompile>
    <ClCompile Include="platform\windows\osWindows.cpp">
      <Filter>platform\windows</Filter>
    </ClCompile>
    <ClCompile Include="winMain.cpp" />
    <ClCompile Include="core\logger.cpp">
      <Filter>core</Filter>
    </ClCompile>
  </ItemGroup>
  <ItemGroup>
    <ClInclude Include="resource.h">
      <Filter>assets</Filter>
    </ClInclude>
    <ClInclude Include="servers\displayServer.h">
      <Filter>servers</Filter>
    </ClInclude>
    <ClInclude Include="platform\windows\displayServerWindows.h">
      <Filter>platform\windows</Filter>
    </ClInclude>
    <ClInclude Include="core\error.h">
      <Filter>core</Filter>
    </ClInclude>
    <ClInclude Include="main\main.h">
      <Filter>main</Filter>
    </ClInclude>
    <ClInclude Include="core\os\mainLoop.h">
      <Filter>core\os</Filter>
    </ClInclude>
    <ClInclude Include="core\os\os.h">
      <Filter>core\os</Filter>
    </ClInclude>
    <ClInclude Include="platform\windows\osWindows.h">
      <Filter>platform\windows</Filter>
    </ClInclude>
    <ClInclude Include="globals.h" />
    <ClInclude Include="winMain.h" />
    <ClInclude Include="core\logger.h">
      <Filter>core</Filter>
    </ClInclude>
  </ItemGroup>
  <ItemGroup>
    <Filter Include="assets">
      <UniqueIdentifier>{44aaed9f-141c-45c9-8dd7-f2dfa0a64755}</UniqueIdentifier>
    </Filter>
    <Filter Include="servers">
      <UniqueIdentifier>{ffbd7e6f-1324-4bb0-9633-a86993db8257}</UniqueIdentifier>
    </Filter>
    <Filter Include="platform">
      <UniqueIdentifier>{e2bbfeea-f071-4b3a-a95d-29bed09a2edc}</UniqueIdentifier>
    </Filter>
    <Filter Include="platform\windows">
      <UniqueIdentifier>{609ef3c3-29ff-4670-b428-21e0d934c71d}</UniqueIdentifier>
    </Filter>
    <Filter Include="core">
      <UniqueIdentifier>{c9156cf8-f372-40b2-8901-eb2fb7ab3163}</UniqueIdentifier>
    </Filter>
    <Filter Include="main">
      <UniqueIdentifier>{d2c7583b-327a-4bc1-8797-6682a00aa24c}</UniqueIdentifier>
    </Filter>
    <Filter Include="core\os">
      <UniqueIdentifier>{570764f2-3539-40f4-b1d2-13a00e48a49d}</UniqueIdentifier>
    </Filter>
  </ItemGroup>
  <ItemGroup>
    <Image Include="assets\vesuv.ico">
      <Filter>assets</Filter>
    </Image>
  </ItemGroup>
  <ItemGroup>
    <ResourceCompile Include="Vesuv.rc">
      <Filter>assets</Filter>
    </ResourceCompile>
  </ItemGroup>
</Project>